
Microsoft Visual Studio Solution File, Format Version 12.00
# Visual Studio Version 17
VisualStudioVersion = 17.6.33723.286
MinimumVisualStudioVersion = 10.0.40219.1
Project("{FAE04EC0-301F-11D3-BF4B-00C04F79EFBC}") = "Scratch1Bank", "Scratch1Bank.csproj", "{EF3F0945-04C5-418C-B95F-DA142F42EBA7}"
EndProject
Project("{2150E333-8FDC-42A3-9474-1A3956D46DE8}") = "Test", "Test", "{6AA9AC35-89EC-43ED-AB77-CA1219643C18}"
EndProject
Project("{FAE04EC0-301F-11D3-BF4B-00C04F79EFBC}") = "Scratch1Bank.Test", "Test\Scratch1Bank.Test\Scratch1Bank.Test.csproj", "{A9748D85-01A1-4BF1-BFCC-99E459D7795E}"
EndProject
Global
	GlobalSection(SolutionConfigurationPlatforms) = preSolution
		Debug|Any CPU = Debug|Any CPU
		Release|Any CPU = Release|Any CPU
	EndGlobalSection
	GlobalSection(ProjectConfigurationPlatforms) = postSolution
		{EF3F0945-04C5-418C-B95F-DA142F42EBA7}.Debug|Any CPU.ActiveCfg = Debug|Any CPU
		{EF3F0945-04C5-418C-B95F-DA142F42EBA7}.Debug|Any CPU.Build.0 = Debug|Any CPU
		{EF3F0945-04C5-418C-B95F-DA142F42EBA7}.Release|Any CPU.ActiveCfg = Release|Any CPU
		{EF3F0945-04C5-418C-B95F-DA142F42EBA7}.Release|Any CPU.Build.0 = Release|Any CPU
		{A9748D85-01A1-4BF1-BFCC-99E459D7795E}.Debug|Any CPU.ActiveCfg = Debug|Any CPU
		{A9748D85-01A1-4BF1-BFCC-99E459D7795E}.Debug|Any CPU.Build.0 = Debug|Any CPU
		{A9748D85-01A1-4BF1-BFCC-99E459D7795E}.Release|Any CPU.ActiveCfg = Release|Any CPU
		{A9748D85-01A1-4BF1-BFCC-99E459D7795E}.Release|Any CPU.Build.0 = Release|Any CPU
	EndGlobalSection
	GlobalSection(SolutionProperties) = preSolution
		HideSolutionNode = FALSE
	EndGlobalSection
	GlobalSection(NestedProjects) = preSolution
		{A9748D85-01A1-4BF1-BFCC-99E459D7795E} = {6AA9AC35-89EC-43ED-AB77-CA1219643C18}
	EndGlobalSection
	GlobalSection(ExtensibilityGlobals) = postSolution
		SolutionGuid = {70AF738F-C0AF-4BDE-A388-C8D858A40357}
	EndGlobalSection
EndGlobal
